
Microsoft Visual Studio Solution File, Format Version 12.00
# Visual Studio Version 17
VisualStudioVersion = 17.8.34330.188
MinimumVisualStudioVersion = 10.0.40219.1
Project("{FAE04EC0-301F-11D3-BF4B-00C04F79EFBC}") = "prTransferenciaDatos", "prTransferenciaDatos\prTransferenciaDatos.csproj", "{7A6204F7-9615-4C82-9EA3-F4213D3ABDC2}"
EndProject
Global
	GlobalSection(SolutionConfigurationPlatforms) = preSolution
		Debug|Any CPU = Debug|Any CPU
		Release|Any CPU = Release|Any CPU
	EndGlobalSection
	GlobalSection(ProjectConfigurationPlatforms) = postSolution
		{7A6204F7-9615-4C82-9EA3-F4213D3ABDC2}.Debug|Any CPU.ActiveCfg = Debug|Any CPU
		{7A6204F7-9615-4C82-9EA3-F4213D3ABDC2}.Debug|Any CPU.Build.0 = Debug|Any CPU
		{7A6204F7-9615-4C82-9EA3-F4213D3ABDC2}.Release|Any CPU.ActiveCfg = Release|Any CPU
		{7A6204F7-9615-4C82-9EA3-F4213D3ABDC2}.Release|Any CPU.Build.0 = Release|Any CPU
	EndGlobalSection
	GlobalSection(SolutionProperties) = preSolution
		HideSolutionNode = FALSE
	EndGlobalSection
	GlobalSection(ExtensibilityGlobals) = postSolution
		SolutionGuid = {15FCDB5A-6E18-4105-908C-B2BBE705D426}
	EndGlobalSection
EndGlobal
